// !$*UTF8*$!
{
	archiveVersion = 1;
	classes = {
	};
	objectVersion = 46;
	objects = {

/* Begin PBXBuildFile section */
		79601D43CC9A51F530FE9BF5 /* libPods.a in Frameworks */ = {isa = PBXBuildFile; fileRef = 46126B3D53B455B8696C477F /* libPods.a */; };
		9FEE01301AE0970800C2BCFE /* main.m in Sources */ = {isa = PBXBuildFile; fileRef = 9FEE012F1AE0970800C2BCFE /* main.m */; };
		9FEE01331AE0970800C2BCFE /* AppDelegate.m in Sources */ = {isa = PBXBuildFile; fileRef = 9FEE01321AE0970800C2BCFE /* AppDelegate.m */; };
		9FEE01391AE0970800C2BCFE /* Main.storyboard in Resources */ = {isa = PBXBuildFile; fileRef = 9FEE01371AE0970800C2BCFE /* Main.storyboard */; };
		9FEE013B1AE0970800C2BCFE /* Images.xcassets in Resources */ = {isa = PBXBuildFile; fileRef = 9FEE013A1AE0970800C2BCFE /* Images.xcassets */; };
		9FEE013E1AE0970800C2BCFE /* LaunchScreen.xib in Resources */ = {isa = PBXBuildFile; fileRef = 9FEE013C1AE0970800C2BCFE /* LaunchScreen.xib */; };
		9FEE014A1AE0970800C2BCFE /* TimeLineDemoTests.m in Sources */ = {isa = PBXBuildFile; fileRef = 9FEE01491AE0970800C2BCFE /* TimeLineDemoTests.m */; };
		9FEE01551AE0975F00C2BCFE /* MainTableViewController.m in Sources */ = {isa = PBXBuildFile; fileRef = 9FEE01541AE0975F00C2BCFE /* MainTableViewController.m */; };
		9FEE015B1AE097E100C2BCFE /* CustomCell.m in Sources */ = {isa = PBXBuildFile; fileRef = 9FEE015A1AE097E100C2BCFE /* CustomCell.m */; };
		9FEE01611AE0985100C2BCFE /* CellFrameModel.m in Sources */ = {isa = PBXBuildFile; fileRef = 9FEE01601AE0985100C2BCFE /* CellFrameModel.m */; };
		9FEE01641AE0A02A00C2BCFE /* UserInfoModel.m in Sources */ = {isa = PBXBuildFile; fileRef = 9FEE01631AE0A02A00C2BCFE /* UserInfoModel.m */; };
		9FEE016A1AE0A3BB00C2BCFE /* Photos.m in Sources */ = {isa = PBXBuildFile; fileRef = 9FEE01691AE0A3BB00C2BCFE /* Photos.m */; };
		9FEE01701AE0A5D200C2BCFE /* CellModel.m in Sources */ = {isa = PBXBuildFile; fileRef = 9FEE016F1AE0A5D200C2BCFE /* CellModel.m */; };
/* End PBXBuildFile section */

/* Begin PBXContainerItemProxy section */
		9FEE01441AE0970800C2BCFE /* PBXContainerItemProxy */ = {
			isa = PBXContainerItemProxy;
			containerPortal = 9FEE01221AE0970800C2BCFE /* Project object */;
			proxyType = 1;
			remoteGlobalIDString = 9FEE01291AE0970800C2BCFE;
			remoteInfo = TimeLineDemo;
		};
/* End PBXContainerItemProxy section */

/* Begin PBXFileReference section */
		02044333FFB2E9182605D1BC /* Pods.release.xcconfig */ = {isa = PBXFileReference; includeInIndex = 1; lastKnownFileType = text.xcconfig; name = Pods.release.xcconfig; path = "Pods/Target Support Files/Pods/Pods.release.xcconfig"; sourceTree = "<group>"; };
		2DED634C7CC4099E995B9336 /* Pods.debug.xcconfig */ = {isa = PBXFileReference; includeInIndex = 1; lastKnownFileType = text.xcconfig; name = Pods.debug.xcconfig; path = "Pods/Target Support Files/Pods/Pods.debug.xcconfig"; sourceTree = "<group>"; };
		46126B3D53B455B8696C477F /* libPods.a */ = {isa = PBXFileReference; explicitFileType = archive.ar; includeInIndex = 0; path = libPods.a; sourceTree = BUILT_PRODUCTS_DIR; };
		9FEE012A1AE0970800C2BCFE /* TimeLineDemo.app */ = {isa = PBXFileReference; explicitFileType = wrapper.application; includeInIndex = 0; path = TimeLineDemo.app; sourceTree = BUILT_PRODUCTS_DIR; };
		9FEE012E1AE0970800C2BCFE /* Info.plist */ = {isa = PBXFileReference; lastKnownFileType = text.plist.xml; path = Info.plist; sourceTree = "<group>"; };
		9FEE012F1AE0970800C2BCFE /* main.m */ = {isa = PBXFileReference; lastKnownFileType = sourcecode.c.objc; path = main.m; sourceTree = "<group>"; };
		9FEE01311AE0970800C2BCFE /* AppDelegate.h */ = {isa = PBXFileReference; lastKnownFileType = sourcecode.c.h; path = AppDelegate.h; sourceTree = "<group>"; };
		9FEE01321AE0970800C2BCFE /* AppDelegate.m */ = {isa = PBXFileReference; lastKnownFileType = sourcecode.c.objc; path = AppDelegate.m; sourceTree = "<group>"; };
		9FEE01381AE0970800C2BCFE /* Base */ = {isa = PBXFileReference; lastKnownFileType = file.storyboard; name = Base; path = Base.lproj/Main.storyboard; sourceTree = "<group>"; };
		9FEE013A1AE0970800C2BCFE /* Images.xcassets */ = {isa = PBXFileReference; lastKnownFileType = folder.assetcatalog; path = Images.xcassets; sourceTree = "<group>"; };
		9FEE013D1AE0970800C2BCFE /* Base */ = {isa = PBXFileReference; lastKnownFileType = file.xib; name = Base; path = Base.lproj/LaunchScreen.xib; sourceTree = "<group>"; };
		9FEE01431AE0970800C2BCFE /* TimeLineDemoTests.xctest */ = {isa = PBXFileReference; explicitFileType = wrapper.cfbundle; includeInIndex = 0; path = TimeLineDemoTests.xctest; sourceTree = BUILT_PRODUCTS_DIR; };
		9FEE01481AE0970800C2BCFE /* Info.plist */ = {isa = PBXFileReference; lastKnownFileType = text.plist.xml; path = Info.plist; sourceTree = "<group>"; };
		9FEE01491AE0970800C2BCFE /* TimeLineDemoTests.m */ = {isa = PBXFileReference; lastKnownFileType = sourcecode.c.objc; path = TimeLineDemoTests.m; sourceTree = "<group>"; };
		9FEE01531AE0975F00C2BCFE /* MainTableViewController.h */ = {isa = PBXFileReference; fileEncoding = 4; lastKnownFileType = sourcecode.c.h; path = MainTableViewController.h; sourceTree = "<group>"; };
		9FEE01541AE0975F00C2BCFE /* MainTableViewController.m */ = {isa = PBXFileReference; fileEncoding = 4; lastKnownFileType = sourcecode.c.objc; path = MainTableViewController.m; sourceTree = "<group>"; };
		9FEE01591AE097E100C2BCFE /* CustomCell.h */ = {isa = PBXFileReference; fileEncoding = 4; lastKnownFileType = sourcecode.c.h; path = CustomCell.h; sourceTree = "<group>"; };
		9FEE015A1AE097E100C2BCFE /* CustomCell.m */ = {isa = PBXFileReference; fileEncoding = 4; lastKnownFileType = sourcecode.c.objc; path = CustomCell.m; sourceTree = "<group>"; };
		9FEE015F1AE0985100C2BCFE /* CellFrameModel.h */ = {isa = PBXFileReference; fileEncoding = 4; lastKnownFileType = sourcecode.c.h; path = CellFrameModel.h; sourceTree = "<group>"; };
		9FEE01601AE0985100C2BCFE /* CellFrameModel.m */ = {isa = PBXFileReference; fileEncoding = 4; lastKnownFileType = sourcecode.c.objc; path = CellFrameModel.m; sourceTree = "<group>"; };
		9FEE01621AE0A02A00C2BCFE /* UserInfoModel.h */ = {isa = PBXFileReference; fileEncoding = 4; lastKnownFileType = sourcecode.c.h; path = UserInfoModel.h; sourceTree = "<group>"; };
		9FEE01631AE0A02A00C2BCFE /* UserInfoModel.m */ = {isa = PBXFileReference; fileEncoding = 4; lastKnownFileType = sourcecode.c.objc; path = UserInfoModel.m; sourceTree = "<group>"; };
		9FEE01681AE0A3BB00C2BCFE /* Photos.h */ = {isa = PBXFileReference; fileEncoding = 4; lastKnownFileType = sourcecode.c.h; path = Photos.h; sourceTree = "<group>"; };
		9FEE01691AE0A3BB00C2BCFE /* Photos.m */ = {isa = PBXFileReference; fileEncoding = 4; lastKnownFileType = sourcecode.c.objc; path = Photos.m; sourceTree = "<group>"; };
		9FEE016E1AE0A5D200C2BCFE /* CellModel.h */ = {isa = PBXFileReference; fileEncoding = 4; lastKnownFileType = sourcecode.c.h; path = CellModel.h; sourceTree = "<group>"; };
		9FEE016F1AE0A5D200C2BCFE /* CellModel.m */ = {isa = PBXFileReference; fileEncoding = 4; lastKnownFileType = sourcecode.c.objc; path = CellModel.m; sourceTree = "<group>"; };
/* End PBXFileReference section */

/* Begin PBXFrameworksBuildPhase section */
		9FEE01271AE0970800C2BCFE /* Frameworks */ = {
			isa = PBXFrameworksBuildPhase;
			buildActionMask = 2147483647;
			files = (
				79601D43CC9A51F530FE9BF5 /* libPods.a in Frameworks */,
			);
			runOnlyForDeploymentPostprocessing = 0;
		};
		9FEE01401AE0970800C2BCFE /* Frameworks */ = {
			isa = PBXFrameworksBuildPhase;
			buildActionMask = 2147483647;
			files = (
			);
			runOnlyForDeploymentPostprocessing = 0;
		};
/* End PBXFrameworksBuildPhase section */

/* Begin PBXGroup section */
		73BF54DDD6CDE02933A8870E /* Frameworks */ = {
			isa = PBXGroup;
			children = (
				46126B3D53B455B8696C477F /* libPods.a */,
			);
			name = Frameworks;
			sourceTree = "<group>";
		};
		8D94E65AEB2CBFE779F582F4 /* Pods */ = {
			isa = PBXGroup;
			children = (
				2DED634C7CC4099E995B9336 /* Pods.debug.xcconfig */,
				02044333FFB2E9182605D1BC /* Pods.release.xcconfig */,
			);
			name = Pods;
			sourceTree = "<group>";
		};
		9FEE01211AE0970800C2BCFE = {
			isa = PBXGroup;
			children = (
				9FEE012C1AE0970800C2BCFE /* TimeLineDemo */,
				9FEE01461AE0970800C2BCFE /* TimeLineDemoTests */,
				9FEE012B1AE0970800C2BCFE /* Products */,
				8D94E65AEB2CBFE779F582F4 /* Pods */,
				73BF54DDD6CDE02933A8870E /* Frameworks */,
			);
			sourceTree = "<group>";
		};
		9FEE012B1AE0970800C2BCFE /* Products */ = {
			isa = PBXGroup;
			children = (
				9FEE012A1AE0970800C2BCFE /* TimeLineDemo.app */,
				9FEE01431AE0970800C2BCFE /* TimeLineDemoTests.xctest */,
			);
			name = Products;
			sourceTree = "<group>";
		};
		9FEE012C1AE0970800C2BCFE /* TimeLineDemo */ = {
			isa = PBXGroup;
			children = (
				9FEE01581AE097A500C2BCFE /* model */,
				9FEE01571AE0979900C2BCFE /* view */,
				9FEE01561AE0976600C2BCFE /* controller */,
				9FEE01311AE0970800C2BCFE /* AppDelegate.h */,
				9FEE01321AE0970800C2BCFE /* AppDelegate.m */,
				9FEE01371AE0970800C2BCFE /* Main.storyboard */,
				9FEE013A1AE0970800C2BCFE /* Images.xcassets */,
				9FEE013C1AE0970800C2BCFE /* LaunchScreen.xib */,
				9FEE012D1AE0970800C2BCFE /* Supporting Files */,
			);
			path = TimeLineDemo;
			sourceTree = "<group>";
		};
		9FEE012D1AE0970800C2BCFE /* Supporting Files */ = {
			isa = PBXGroup;
			children = (
				9FEE012E1AE0970800C2BCFE /* Info.plist */,
				9FEE012F1AE0970800C2BCFE /* main.m */,
			);
			name = "Supporting Files";
			sourceTree = "<group>";
		};
		9FEE01461AE0970800C2BCFE /* TimeLineDemoTests */ = {
			isa = PBXGroup;
			children = (
				9FEE01491AE0970800C2BCFE /* TimeLineDemoTests.m */,
				9FEE01471AE0970800C2BCFE /* Supporting Files */,
			);
			path = TimeLineDemoTests;
			sourceTree = "<group>";
		};
		9FEE01471AE0970800C2BCFE /* Supporting Files */ = {
			isa = PBXGroup;
			children = (
				9FEE01481AE0970800C2BCFE /* Info.plist */,
			);
			name = "Supporting Files";
			sourceTree = "<group>";
		};
		9FEE01561AE0976600C2BCFE /* controller */ = {
			isa = PBXGroup;
			children = (
				9FEE01531AE0975F00C2BCFE /* MainTableViewController.h */,
				9FEE01541AE0975F00C2BCFE /* MainTableViewController.m */,
			);
			name = controller;
			sourceTree = "<group>";
		};
		9FEE01571AE0979900C2BCFE /* view */ = {
			isa = PBXGroup;
			children = (
				9FEE01591AE097E100C2BCFE /* CustomCell.h */,
				9FEE015A1AE097E100C2BCFE /* CustomCell.m */,
			);
			name = view;
			sourceTree = "<group>";
		};
		9FEE01581AE097A500C2BCFE /* model */ = {
			isa = PBXGroup;
			children = (
				9FEE01621AE0A02A00C2BCFE /* UserInfoModel.h */,
				9FEE01631AE0A02A00C2BCFE /* UserInfoModel.m */,
				9FEE01681AE0A3BB00C2BCFE /* Photos.h */,
				9FEE01691AE0A3BB00C2BCFE /* Photos.m */,
				9FEE015F1AE0985100C2BCFE /* CellFrameModel.h */,
				9FEE01601AE0985100C2BCFE /* CellFrameModel.m */,
				9FEE016E1AE0A5D200C2BCFE /* CellModel.h */,
				9FEE016F1AE0A5D200C2BCFE /* CellModel.m */,
			);
			name = model;
			sourceTree = "<group>";
		};
/* End PBXGroup section */

/* Begin PBXNativeTarget section */
		9FEE01291AE0970800C2BCFE /* TimeLineDemo */ = {
			isa = PBXNativeTarget;
			buildConfigurationList = 9FEE014D1AE0970800C2BCFE /* Build configuration list for PBXNativeTarget "TimeLineDemo" */;
			buildPhases = (
				0D8616052413596B11FEC990 /* Check Pods Manifest.lock */,
				9FEE01261AE0970800C2BCFE /* Sources */,
				9FEE01271AE0970800C2BCFE /* Frameworks */,
				9FEE01281AE0970800C2BCFE /* Resources */,
				E535A55C8412E46AF0187CEB /* Copy Pods Resources */,
			);
			buildRules = (
			);
			dependencies = (
			);
			name = TimeLineDemo;
			productName = TimeLineDemo;
			productReference = 9FEE012A1AE0970800C2BCFE /* TimeLineDemo.app */;
			productType = "com.apple.product-type.application";
		};
		9FEE01421AE0970800C2BCFE /* TimeLineDemoTests */ = {
			isa = PBXNativeTarget;
			buildConfigurationList = 9FEE01501AE0970800C2BCFE /* Build configuration list for PBXNativeTarget "TimeLineDemoTests" */;
			buildPhases = (
				9FEE013F1AE0970800C2BCFE /* Sources */,
				9FEE01401AE0970800C2BCFE /* Frameworks */,
				9FEE01411AE0970800C2BCFE /* Resources */,
			);
			buildRules = (
			);
			dependencies = (
				9FEE01451AE0970800C2BCFE /* PBXTargetDependency */,
			);
			name = TimeLineDemoTests;
			productName = TimeLineDemoTests;
			productReference = 9FEE01431AE0970800C2BCFE /* TimeLineDemoTests.xctest */;
			productType = "com.apple.product-type.bundle.unit-test";
		};
/* End PBXNativeTarget section */

/* Begin PBXProject section */
		9FEE01221AE0970800C2BCFE /* Project object */ = {
			isa = PBXProject;
			attributes = {
				LastUpgradeCheck = 0630;
				ORGANIZATIONNAME = Maggie;
				TargetAttributes = {
					9FEE01291AE0970800C2BCFE = {
						CreatedOnToolsVersion = 6.3;
					};
					9FEE01421AE0970800C2BCFE = {
						CreatedOnToolsVersion = 6.3;
						TestTargetID = 9FEE01291AE0970800C2BCFE;
					};
				};
			};
			buildConfigurationList = 9FEE01251AE0970800C2BCFE /* Build configuration list for PBXProject "TimeLineDemo" */;
			compatibilityVersion = "Xcode 3.2";
			developmentRegion = English;
			hasScannedForEncodings = 0;
			knownRegions = (
				en,
				Base,
			);
			mainGroup = 9FEE01211AE0970800C2BCFE;
			productRefGroup = 9FEE012B1AE0970800C2BCFE /* Products */;
			projectDirPath = "";
			projectRoot = "";
			targets = (
				9FEE01291AE0970800C2BCFE /* TimeLineDemo */,
				9FEE01421AE0970800C2BCFE /* TimeLineDemoTests */,
			);
		};
/* End PBXProject section */

/* Begin PBXResourcesBuildPhase section */
		9FEE01281AE0970800C2BCFE /* Resources */ = {
			isa = PBXResourcesBuildPhase;
			buildActionMask = 2147483647;
			files = (
				9FEE01391AE0970800C2BCFE /* Main.storyboard in Resources */,
				9FEE013E1AE0970800C2BCFE /* LaunchScreen.xib in Resources */,
				9FEE013B1AE0970800C2BCFE /* Images.xcassets in Resources */,
			);
			runOnlyForDeploymentPostprocessing = 0;
		};
		9FEE01411AE0970800C2BCFE /* Resources */ = {
			isa = PBXResourcesBuildPhase;
			buildActionMask = 2147483647;
			files = (
			);
			runOnlyForDeploymentPostprocessing = 0;
		};
/* End PBXResourcesBuildPhase section */

/* Begin PBXShellScriptBuildPhase section */
		0D8616052413596B11FEC990 /* Check Pods Manifest.lock */ = {
			isa = PBXShellScriptBuildPhase;
			buildActionMask = 2147483647;
			files = (
			);
			inputPaths = (
			);
			name = "Check Pods Manifest.lock";
			outputPaths = (
			);
			runOnlyForDeploymentPostprocessing = 0;
			shellPath = /bin/sh;
			shellScript = "diff \"${PODS_ROOT}/../Podfile.lock\" \"${PODS_ROOT}/Manifest.lock\" > /dev/null\nif [[ $? != 0 ]] ; then\n    cat << EOM\nerror: The sandbox is not in sync with the Podfile.lock. Run 'pod install' or update your CocoaPods installation.\nEOM\n    exit 1\nfi\n";
			showEnvVarsInLog = 0;
		};
		E535A55C8412E46AF0187CEB /* Copy Pods Resources */ = {
			isa = PBXShellScriptBuildPhase;
			buildActionMask = 2147483647;
			files = (
			);
			inputPaths = (
			);
			name = "Copy Pods Resources";
			outputPaths = (
			);
			runOnlyForDeploymentPostprocessing = 0;
			shellPath = /bin/sh;
			shellScript = "\"${SRCROOT}/Pods/Target Support Files/Pods/Pods-resources.sh\"\n";
			showEnvVarsInLog = 0;
		};
/* End PBXShellScriptBuildPhase section */

/* Begin PBXSourcesBuildPhase section */
		9FEE01261AE0970800C2BCFE /* Sources */ = {
			isa = PBXSourcesBuildPhase;
			buildActionMask = 2147483647;
			files = (
				9FEE016A1AE0A3BB00C2BCFE /* Photos.m in Sources */,
				9FEE01701AE0A5D200C2BCFE /* CellModel.m in Sources */,
				9FEE01331AE0970800C2BCFE /* AppDelegate.m in Sources */,
				9FEE01641AE0A02A00C2BCFE /* UserInfoModel.m in Sources */,
				9FEE01611AE0985100C2BCFE /* CellFrameModel.m in Sources */,
				9FEE01301AE0970800C2BCFE /* main.m in Sources */,
				9FEE015B1AE097E100C2BCFE /* CustomCell.m in Sources */,
				9FEE01551AE0975F00C2BCFE /* MainTableViewController.m in Sources */,
			);
			runOnlyForDeploymentPostprocessing = 0;
		};
		9FEE013F1AE0970800C2BCFE /* Sources */ = {
			isa = PBXSourcesBuildPhase;
			buildActionMask = 2147483647;
			files = (
				9FEE014A1AE0970800C2BCFE /* TimeLineDemoTests.m in Sources */,
			);
			runOnlyForDeploymentPostprocessing = 0;
		};
/* End PBXSourcesBuildPhase section */

/* Begin PBXTargetDependency section */
		9FEE01451AE0970800C2BCFE /* PBXTargetDependency */ = {
			isa = PBXTargetDependency;
			target = 9FEE01291AE0970800C2BCFE /* TimeLineDemo */;
			targetProxy = 9FEE01441AE0970800C2BCFE /* PBXContainerItemProxy */;
		};
/* End PBXTargetDependency section */

/* Begin PBXVariantGroup section */
		9FEE01371AE0970800C2BCFE /* Main.storyboard */ = {
			isa = PBXVariantGroup;
			children = (
				9FEE01381AE0970800C2BCFE /* Base */,
			);
			name = Main.storyboard;
			sourceTree = "<group>";
		};
		9FEE013C1AE0970800C2BCFE /* LaunchScreen.xib */ = {
			isa = PBXVariantGroup;
			children = (
				9FEE013D1AE0970800C2BCFE /* Base */,
			);
			name = LaunchScreen.xib;
			sourceTree = "<group>";
		};
/* End PBXVariantGroup section */

/* Begin XCBuildConfiguration section */
		9FEE014B1AE0970800C2BCFE /* Debug */ = {
			isa = XCBuildConfiguration;
			buildSettings = {
				ALWAYS_SEARCH_USER_PATHS = NO;
				CLANG_CXX_LANGUAGE_STANDARD = "gnu++0x";
				CLANG_CXX_LIBRARY = "libc++";
				CLANG_ENABLE_MODULES = YES;
				CLANG_ENABLE_OBJC_ARC = YES;
				CLANG_WARN_BOOL_CONVERSION = YES;
				CLANG_WARN_CONSTANT_CONVERSION = YES;
				CLANG_WARN_DIRECT_OBJC_ISA_USAGE = YES_ERROR;
				CLANG_WARN_EMPTY_BODY = YES;
				CLANG_WARN_ENUM_CONVERSION = YES;
				CLANG_WARN_INT_CONVERSION = YES;
				CLANG_WARN_OBJC_ROOT_CLASS = YES_ERROR;
				CLANG_WARN_UNREACHABLE_CODE = YES;
				CLANG_WARN__DUPLICATE_METHOD_MATCH = YES;
				"CODE_SIGN_IDENTITY[sdk=iphoneos*]" = "iPhone Developer";
				COPY_PHASE_STRIP = NO;
				DEBUG_INFORMATION_FORMAT = "dwarf-with-dsym";
				ENABLE_STRICT_OBJC_MSGSEND = YES;
				GCC_C_LANGUAGE_STANDARD = gnu99;
				GCC_DYNAMIC_NO_PIC = NO;
				GCC_NO_COMMON_BLOCKS = YES;
				GCC_OPTIMIZATION_LEVEL = 0;
				GCC_PREPROCESSOR_DEFINITIONS = (
					"DEBUG=1",
					"$(inherited)",
				);
				GCC_SYMBOLS_PRIVATE_EXTERN = NO;
				GCC_WARN_64_TO_32_BIT_CONVERSION = YES;
				GCC_WARN_ABOUT_RETURN_TYPE = YES_ERROR;
				GCC_WARN_UNDECLARED_SELECTOR = YES;
				GCC_WARN_UNINITIALIZED_AUTOS = YES_AGGRESSIVE;
				GCC_WARN_UNUSED_FUNCTION = YES;
				GCC_WARN_UNUSED_VARIABLE = YES;
				IPHONEOS_DEPLOYMENT_TARGET = 8.3;
				MTL_ENABLE_DEBUG_INFO = YES;
				ONLY_ACTIVE_ARCH = YES;
				SDKROOT = iphoneos;
			};
			name = Debug;
		};
		9FEE014C1AE0970800C2BCFE /* Release */ = {
			isa = XCBuildConfiguration;
			buildSettings = {
				ALWAYS_SEARCH_USER_PATHS = NO;
				CLANG_CXX_LANGUAGE_STANDARD = "gnu++0x";
				CLANG_CXX_LIBRARY = "libc++";
				CLANG_ENABLE_MODULES = YES;
				CLANG_ENABLE_OBJC_ARC = YES;
				CLANG_WARN_BOOL_CONVERSION = YES;
				CLANG_WARN_CONSTANT_CONVERSION = YES;
				CLANG_WARN_DIRECT_OBJC_ISA_USAGE = YES_ERROR;
				CLANG_WARN_EMPTY_BODY = YES;
				CLANG_WARN_ENUM_CONVERSION = YES;
				CLANG_WARN_INT_CONVERSION = YES;
				CLANG_WARN_OBJC_ROOT_CLASS = YES_ERROR;
				CLANG_WARN_UNREACHABLE_CODE = YES;
				CLANG_WARN__DUPLICATE_METHOD_MATCH = YES;
				"CODE_SIGN_IDENTITY[sdk=iphoneos*]" = "iPhone Developer";
				COPY_PHASE_STRIP = NO;
				DEBUG_INFORMATION_FORMAT = "dwarf-with-dsym";
				ENABLE_NS_ASSERTIONS = NO;
				ENABLE_STRICT_OBJC_MSGSEND = YES;
				GCC_C_LANGUAGE_STANDARD = gnu99;
				GCC_NO_COMMON_BLOCKS = YES;
				GCC_WARN_64_TO_32_BIT_CONVERSION = YES;
				GCC_WARN_ABOUT_RETURN_TYPE = YES_ERROR;
				GCC_WARN_UNDECLARED_SELECTOR = YES;
				GCC_WARN_UNINITIALIZED_AUTOS = YES_AGGRESSIVE;
				GCC_WARN_UNUSED_FUNCTION = YES;
				GCC_WARN_UNUSED_VARIABLE = YES;
				IPHONEOS_DEPLOYMENT_TARGET = 8.3;
				MTL_ENABLE_DEBUG_INFO = NO;
				SDKROOT = iphoneos;
				VALIDATE_PRODUCT = YES;
			};
			name = Release;
		};
		9FEE014E1AE0970800C2BCFE /* Debug */ = {
			isa = XCBuildConfiguration;
			baseConfigurationReference = 2DED634C7CC4099E995B9336 /* Pods.debug.xcconfig */;
			buildSettings = {
				ASSETCATALOG_COMPILER_APPICON_NAME = AppIcon;
				INFOPLIST_FILE = TimeLineDemo/Info.plist;
				LD_RUNPATH_SEARCH_PATHS = "$(inherited) @executable_path/Frameworks";
				PRODUCT_NAME = "$(TARGET_NAME)";
			};
			name = Debug;
		};
		9FEE014F1AE0970800C2BCFE /* Release */ = {
			isa = XCBuildConfiguration;
			baseConfigurationReference = 02044333FFB2E9182605D1BC /* Pods.release.xcconfig */;
			buildSettings = {
				ASSETCATALOG_COMPILER_APPICON_NAME = AppIcon;
				INFOPLIST_FILE = TimeLineDemo/Info.plist;
				LD_RUNPATH_SEARCH_PATHS = "$(inherited) @executable_path/Frameworks";
				PRODUCT_NAME = "$(TARGET_NAME)";
			};
			name = Release;
		};
		9FEE01511AE0970800C2BCFE /* Debug */ = {
			isa = XCBuildConfiguration;
			buildSettings = {
				BUNDLE_LOADER = "$(TEST_HOST)";
				FRAMEWORK_SEARCH_PATHS = (
					"$(SDKROOT)/Developer/Library/Frameworks",
					"$(inherited)",
				);
				GCC_PREPROCESSOR_DEFINITIONS = (
					"DEBUG=1",
					"$(inherited)",
				);
				INFOPLIST_FILE = TimeLineDemoTests/Info.plist;
				LD_RUNPATH_SEARCH_PATHS = "$(inherited) @executable_path/Frameworks @loader_path/Frameworks";
				PRODUCT_NAME = "$(TARGET_NAME)";
				TEST_HOST = "$(BUILT_PRODUCTS_DIR)/TimeLineDemo.app/TimeLineDemo";
			};
			name = Debug;
		};
		9FEE01521AE0970800C2BCFE /* Release */ = {
			isa = XCBuildConfiguration;
			buildSettings = {
				BUNDLE_LOADER = "$(TEST_HOST)";
				FRAMEWORK_SEARCH_PATHS = (
					"$(SDKROOT)/Developer/Library/Frameworks",
					"$(inherited)",
				);
				INFOPLIST_FILE = TimeLineDemoTests/Info.plist;
				LD_RUNPATH_SEARCH_PATHS = "$(inherited) @executable_path/Frameworks @loader_path/Frameworks";
				PRODUCT_NAME = "$(TARGET_NAME)";
				TEST_HOST = "$(BUILT_PRODUCTS_DIR)/TimeLineDemo.app/TimeLineDemo";
			};
			name = Release;
		};
/* End XCBuildConfiguration section */

/* Begin XCConfigurationList section */
		9FEE01251AE0970800C2BCFE /* Build configuration list for PBXProject "TimeLineDemo" */ = {
			isa = XCConfigurationList;
			buildConfigurations = (
				9FEE014B1AE0970800C2BCFE /* Debug */,
				9FEE014C1AE0970800C2BCFE /* Release */,
			);
			defaultConfigurationIsVisible = 0;
			defaultConfigurationName = Release;
		};
		9FEE014D1AE0970800C2BCFE /* Build configuration list for PBXNativeTarget "TimeLineDemo" */ = {
			isa = XCConfigurationList;
			buildConfigurations = (
				9FEE014E1AE0970800C2BCFE /* Debug */,
				9FEE014F1AE0970800C2BCFE /* Release */,
			);
			defaultConfigurationIsVisible = 0;
			defaultConfigurationName = Release;
		};
		9FEE01501AE0970800C2BCFE /* Build configuration list for PBXNativeTarget "TimeLineDemoTests" */ = {
			isa = XCConfigurationList;
			buildConfigurations = (
				9FEE01511AE0970800C2BCFE /* Debug */,
				9FEE01521AE0970800C2BCFE /* Release */,
			);
			defaultConfigurationIsVisible = 0;
			defaultConfigurationName = Release;
		};
/* End XCConfigurationList section */
	};
	rootObject = 9FEE01221AE0970800C2BCFE /* Project object */;
}
